
Microsoft Visual Studio Solution File, Format Version 12.00
# Visual Studio 15
VisualStudioVersion = 15.0.28010.2046
MinimumVisualStudioVersion = 10.0.40219.1
Project("{FAE04EC0-301F-11D3-BF4B-00C04F79EFBC}") = "RiverRide", "RiverRide\RiverRide.csproj", "{DD0596FE-4EDA-4B40-97EC-F0CC87D200EA}"
EndProject
Global
	GlobalSection(SolutionConfigurationPlatforms) = preSolution
		Debug|Any CPU = Debug|Any CPU
		Release|Any CPU = Release|Any CPU
	EndGlobalSection
	GlobalSection(ProjectConfigurationPlatforms) = postSolution
		{DD0596FE-4EDA-4B40-97EC-F0CC87D200EA}.Debug|Any CPU.ActiveCfg = Debug|Any CPU
		{DD0596FE-4EDA-4B40-97EC-F0CC87D200EA}.Debug|Any CPU.Build.0 = Debug|Any CPU
		{DD0596FE-4EDA-4B40-97EC-F0CC87D200EA}.Debug|Any CPU.Deploy.0 = Debug|Any CPU
		{DD0596FE-4EDA-4B40-97EC-F0CC87D200EA}.Release|Any CPU.ActiveCfg = Release|Any CPU
		{DD0596FE-4EDA-4B40-97EC-F0CC87D200EA}.Release|Any CPU.Build.0 = Release|Any CPU
		{DD0596FE-4EDA-4B40-97EC-F0CC87D200EA}.Release|Any CPU.Deploy.0 = Release|Any CPU
	EndGlobalSection
	GlobalSection(SolutionProperties) = preSolution
		HideSolutionNode = FALSE
	EndGlobalSection
	GlobalSection(ExtensibilityGlobals) = postSolution
		SolutionGuid = {58FC5260-A686-41E6-B5AD-A73A75688521}
	EndGlobalSection
EndGlobal
